{
  "name": "13-HttpJsonApiServer",
  "version": "1.0.0",
  "lockfileVersion": 1,
  "requires": true,
  "dependencies": {
    "date-and-time": {
      "version": "0.10.0",
      "resolved": "https://registry.npmjs.org/date-and-time/-/date-and-time-0.10.0.tgz",
      "integrity": "sha512-IbIzxtvK80JZOVsWF6+NOjunTaoFVYxkAQoyzmflJyuRCJAJebehy48mPiCAedcGp4P7/UO3QYRWa0fe6INftg=="
    }
  }
}
